
Microsoft Visual Studio Solution File, Format Version 12.00
# Visual Studio Version 17
VisualStudioVersion = 17.9.34723.18
MinimumVisualStudioVersion = 10.0.40219.1
Project("{FAE04EC0-301F-11D3-BF4B-00C04F79EFBC}") = "RAII C#", "RAII C#\RAII C#.csproj", "{1189D7D7-C15F-45C0-93F0-DD7764A26D67}"
EndProject
Project("{8BC9CEB8-8B4A-11D0-8D11-00A0C91BC942}") = "RAII C++", "RAII C++\RAII C++.vcxproj", "{42BD914C-6F72-4992-AB01-1DB16EEA0001}"
EndProject
Project("{FAE04EC0-301F-11D3-BF4B-00C04F79EFBC}") = "Decorator C#", "Decorator\Decorator C#.csproj", "{D1318E8C-FFDF-4003-A98A-216DA78CEB38}"
EndProject
Project("{8BC9CEB8-8B4A-11D0-8D11-00A0C91BC942}") = "Decorator C++", "Decorator C++\Decorator C++.vcxproj", "{33C3C504-296C-48E9-968D-8E5809E08F3C}"
EndProject
Project("{FAE04EC0-301F-11D3-BF4B-00C04F79EFBC}") = "Protocol Stack C#", "Protocol Stack C#\Protocol Stack C#.csproj", "{21A3C15D-8D13-45CA-99EA-A4DCCF8B1FE0}"
EndProject
Project("{8BC9CEB8-8B4A-11D0-8D11-00A0C91BC942}") = "Protocol stack C++", "Protocol stack C++\Protocol stack C++.vcxproj", "{B2C55D2F-3AA5-42C2-943A-B155CD76C486}"
EndProject
Project("{FAE04EC0-301F-11D3-BF4B-00C04F79EFBC}") = "Lock C#", "Lock C#\Lock C#.csproj", "{D3496568-62B7-4BAA-AAC0-CE07B1862B51}"
EndProject
Project("{8BC9CEB8-8B4A-11D0-8D11-00A0C91BC942}") = "Lock C++", "Lock C++\Lock C++.vcxproj", "{7F2B24B5-AB58-4E1B-B35E-7E80F2BCF61F}"
EndProject
Global
	GlobalSection(SolutionConfigurationPlatforms) = preSolution
		Debug|Any CPU = Debug|Any CPU
		Debug|x64 = Debug|x64
		Debug|x86 = Debug|x86
		Release|Any CPU = Release|Any CPU
		Release|x64 = Release|x64
		Release|x86 = Release|x86
	EndGlobalSection
	GlobalSection(ProjectConfigurationPlatforms) = postSolution
		{1189D7D7-C15F-45C0-93F0-DD7764A26D67}.Debug|Any CPU.ActiveCfg = Debug|Any CPU
		{1189D7D7-C15F-45C0-93F0-DD7764A26D67}.Debug|Any CPU.Build.0 = Debug|Any CPU
		{1189D7D7-C15F-45C0-93F0-DD7764A26D67}.Debug|x64.ActiveCfg = Debug|Any CPU
		{1189D7D7-C15F-45C0-93F0-DD7764A26D67}.Debug|x64.Build.0 = Debug|Any CPU
		{1189D7D7-C15F-45C0-93F0-DD7764A26D67}.Debug|x86.ActiveCfg = Debug|Any CPU
		{1189D7D7-C15F-45C0-93F0-DD7764A26D67}.Debug|x86.Build.0 = Debug|Any CPU
		{1189D7D7-C15F-45C0-93F0-DD7764A26D67}.Release|Any CPU.ActiveCfg = Release|Any CPU
		{1189D7D7-C15F-45C0-93F0-DD7764A26D67}.Release|Any CPU.Build.0 = Release|Any CPU
		{1189D7D7-C15F-45C0-93F0-DD7764A26D67}.Release|x64.ActiveCfg = Release|Any CPU
		{1189D7D7-C15F-45C0-93F0-DD7764A26D67}.Release|x64.Build.0 = Release|Any CPU
		{1189D7D7-C15F-45C0-93F0-DD7764A26D67}.Release|x86.ActiveCfg = Release|Any CPU
		{1189D7D7-C15F-45C0-93F0-DD7764A26D67}.Release|x86.Build.0 = Release|Any CPU
		{42BD914C-6F72-4992-AB01-1DB16EEA0001}.Debug|Any CPU.ActiveCfg = Debug|x64
		{42BD914C-6F72-4992-AB01-1DB16EEA0001}.Debug|Any CPU.Build.0 = Debug|x64
		{42BD914C-6F72-4992-AB01-1DB16EEA0001}.Debug|x64.ActiveCfg = Debug|x64
		{42BD914C-6F72-4992-AB01-1DB16EEA0001}.Debug|x64.Build.0 = Debug|x64
		{42BD914C-6F72-4992-AB01-1DB16EEA0001}.Debug|x86.ActiveCfg = Debug|Win32
		{42BD914C-6F72-4992-AB01-1DB16EEA0001}.Debug|x86.Build.0 = Debug|Win32
		{42BD914C-6F72-4992-AB01-1DB16EEA0001}.Release|Any CPU.ActiveCfg = Release|x64
		{42BD914C-6F72-4992-AB01-1DB16EEA0001}.Release|Any CPU.Build.0 = Release|x64
		{42BD914C-6F72-4992-AB01-1DB16EEA0001}.Release|x64.ActiveCfg = Release|x64
		{42BD914C-6F72-4992-AB01-1DB16EEA0001}.Release|x64.Build.0 = Release|x64
		{42BD914C-6F72-4992-AB01-1DB16EEA0001}.Release|x86.ActiveCfg = Release|Win32
		{42BD914C-6F72-4992-AB01-1DB16EEA0001}.Release|x86.Build.0 = Release|Win32
		{D1318E8C-FFDF-4003-A98A-216DA78CEB38}.Debug|Any CPU.ActiveCfg = Debug|Any CPU
		{D1318E8C-FFDF-4003-A98A-216DA78CEB38}.Debug|Any CPU.Build.0 = Debug|Any CPU
		{D1318E8C-FFDF-4003-A98A-216DA78CEB38}.Debug|x64.ActiveCfg = Debug|Any CPU
		{D1318E8C-FFDF-4003-A98A-216DA78CEB38}.Debug|x64.Build.0 = Debug|Any CPU
		{D1318E8C-FFDF-4003-A98A-216DA78CEB38}.Debug|x86.ActiveCfg = Debug|Any CPU
		{D1318E8C-FFDF-4003-A98A-216DA78CEB38}.Debug|x86.Build.0 = Debug|Any CPU
		{D1318E8C-FFDF-4003-A98A-216DA78CEB38}.Release|Any CPU.ActiveCfg = Release|Any CPU
		{D1318E8C-FFDF-4003-A98A-216DA78CEB38}.Release|Any CPU.Build.0 = Release|Any CPU
		{D1318E8C-FFDF-4003-A98A-216DA78CEB38}.Release|x64.ActiveCfg = Release|Any CPU
		{D1318E8C-FFDF-4003-A98A-216DA78CEB38}.Release|x64.Build.0 = Release|Any CPU
		{D1318E8C-FFDF-4003-A98A-216DA78CEB38}.Release|x86.ActiveCfg = Release|Any CPU
		{D1318E8C-FFDF-4003-A98A-216DA78CEB38}.Release|x86.Build.0 = Release|Any CPU
		{33C3C504-296C-48E9-968D-8E5809E08F3C}.Debug|Any CPU.ActiveCfg = Debug|x64
		{33C3C504-296C-48E9-968D-8E5809E08F3C}.Debug|Any CPU.Build.0 = Debug|x64
		{33C3C504-296C-48E9-968D-8E5809E08F3C}.Debug|x64.ActiveCfg = Debug|x64
		{33C3C504-296C-48E9-968D-8E5809E08F3C}.Debug|x64.Build.0 = Debug|x64
		{33C3C504-296C-48E9-968D-8E5809E08F3C}.Debug|x86.ActiveCfg = Debug|Win32
		{33C3C504-296C-48E9-968D-8E5809E08F3C}.Debug|x86.Build.0 = Debug|Win32
		{33C3C504-296C-48E9-968D-8E5809E08F3C}.Release|Any CPU.ActiveCfg = Release|x64
		{33C3C504-296C-48E9-968D-8E5809E08F3C}.Release|Any CPU.Build.0 = Release|x64
		{33C3C504-296C-48E9-968D-8E5809E08F3C}.Release|x64.ActiveCfg = Release|x64
		{33C3C504-296C-48E9-968D-8E5809E08F3C}.Release|x64.Build.0 = Release|x64
		{33C3C504-296C-48E9-968D-8E5809E08F3C}.Release|x86.ActiveCfg = Release|Win32
		{33C3C504-296C-48E9-968D-8E5809E08F3C}.Release|x86.Build.0 = Release|Win32
		{21A3C15D-8D13-45CA-99EA-A4DCCF8B1FE0}.Debug|Any CPU.ActiveCfg = Debug|Any CPU
		{21A3C15D-8D13-45CA-99EA-A4DCCF8B1FE0}.Debug|Any CPU.Build.0 = Debug|Any CPU
		{21A3C15D-8D13-45CA-99EA-A4DCCF8B1FE0}.Debug|x64.ActiveCfg = Debug|Any CPU
		{21A3C15D-8D13-45CA-99EA-A4DCCF8B1FE0}.Debug|x64.Build.0 = Debug|Any CPU
		{21A3C15D-8D13-45CA-99EA-A4DCCF8B1FE0}.Debug|x86.ActiveCfg = Debug|Any CPU
		{21A3C15D-8D13-45CA-99EA-A4DCCF8B1FE0}.Debug|x86.Build.0 = Debug|Any CPU
		{21A3C15D-8D13-45CA-99EA-A4DCCF8B1FE0}.Release|Any CPU.ActiveCfg = Release|Any CPU
		{21A3C15D-8D13-45CA-99EA-A4DCCF8B1FE0}.Release|Any CPU.Build.0 = Release|Any CPU
		{21A3C15D-8D13-45CA-99EA-A4DCCF8B1FE0}.Release|x64.ActiveCfg = Release|Any CPU
		{21A3C15D-8D13-45CA-99EA-A4DCCF8B1FE0}.Release|x64.Build.0 = Release|Any CPU
		{21A3C15D-8D13-45CA-99EA-A4DCCF8B1FE0}.Release|x86.ActiveCfg = Release|Any CPU
		{21A3C15D-8D13-45CA-99EA-A4DCCF8B1FE0}.Release|x86.Build.0 = Release|Any CPU
		{B2C55D2F-3AA5-42C2-943A-B155CD76C486}.Debug|Any CPU.ActiveCfg = Debug|x64
		{B2C55D2F-3AA5-42C2-943A-B155CD76C486}.Debug|Any CPU.Build.0 = Debug|x64
		{B2C55D2F-3AA5-42C2-943A-B155CD76C486}.Debug|x64.ActiveCfg = Debug|x64
		{B2C55D2F-3AA5-42C2-943A-B155CD76C486}.Debug|x64.Build.0 = Debug|x64
		{B2C55D2F-3AA5-42C2-943A-B155CD76C486}.Debug|x86.ActiveCfg = Debug|Win32
		{B2C55D2F-3AA5-42C2-943A-B155CD76C486}.Debug|x86.Build.0 = Debug|Win32
		{B2C55D2F-3AA5-42C2-943A-B155CD76C486}.Release|Any CPU.ActiveCfg = Release|x64
		{B2C55D2F-3AA5-42C2-943A-B155CD76C486}.Release|Any CPU.Build.0 = Release|x64
		{B2C55D2F-3AA5-42C2-943A-B155CD76C486}.Release|x64.ActiveCfg = Release|x64
		{B2C55D2F-3AA5-42C2-943A-B155CD76C486}.Release|x64.Build.0 = Release|x64
		{B2C55D2F-3AA5-42C2-943A-B155CD76C486}.Release|x86.ActiveCfg = Release|Win32
		{B2C55D2F-3AA5-42C2-943A-B155CD76C486}.Release|x86.Build.0 = Release|Win32
		{D3496568-62B7-4BAA-AAC0-CE07B1862B51}.Debug|Any CPU.ActiveCfg = Debug|Any CPU
		{D3496568-62B7-4BAA-AAC0-CE07B1862B51}.Debug|Any CPU.Build.0 = Debug|Any CPU
		{D3496568-62B7-4BAA-AAC0-CE07B1862B51}.Debug|x64.ActiveCfg = Debug|Any CPU
		{D3496568-62B7-4BAA-AAC0-CE07B1862B51}.Debug|x64.Build.0 = Debug|Any CPU
		{D3496568-62B7-4BAA-AAC0-CE07B1862B51}.Debug|x86.ActiveCfg = Debug|Any CPU
		{D3496568-62B7-4BAA-AAC0-CE07B1862B51}.Debug|x86.Build.0 = Debug|Any CPU
		{D3496568-62B7-4BAA-AAC0-CE07B1862B51}.Release|Any CPU.ActiveCfg = Release|Any CPU
		{D3496568-62B7-4BAA-AAC0-CE07B1862B51}.Release|Any CPU.Build.0 = Release|Any CPU
		{D3496568-62B7-4BAA-AAC0-CE07B1862B51}.Release|x64.ActiveCfg = Release|Any CPU
		{D3496568-62B7-4BAA-AAC0-CE07B1862B51}.Release|x64.Build.0 = Release|Any CPU
		{D3496568-62B7-4BAA-AAC0-CE07B1862B51}.Release|x86.ActiveCfg = Release|Any CPU
		{D3496568-62B7-4BAA-AAC0-CE07B1862B51}.Release|x86.Build.0 = Release|Any CPU
		{7F2B24B5-AB58-4E1B-B35E-7E80F2BCF61F}.Debug|Any CPU.ActiveCfg = Debug|x64
		{7F2B24B5-AB58-4E1B-B35E-7E80F2BCF61F}.Debug|Any CPU.Build.0 = Debug|x64
		{7F2B24B5-AB58-4E1B-B35E-7E80F2BCF61F}.Debug|x64.ActiveCfg = Debug|x64
		{7F2B24B5-AB58-4E1B-B35E-7E80F2BCF61F}.Debug|x64.Build.0 = Debug|x64
		{7F2B24B5-AB58-4E1B-B35E-7E80F2BCF61F}.Debug|x86.ActiveCfg = Debug|Win32
		{7F2B24B5-AB58-4E1B-B35E-7E80F2BCF61F}.Debug|x86.Build.0 = Debug|Win32
		{7F2B24B5-AB58-4E1B-B35E-7E80F2BCF61F}.Release|Any CPU.ActiveCfg = Release|x64
		{7F2B24B5-AB58-4E1B-B35E-7E80F2BCF61F}.Release|Any CPU.Build.0 = Release|x64
		{7F2B24B5-AB58-4E1B-B35E-7E80F2BCF61F}.Release|x64.ActiveCfg = Release|x64
		{7F2B24B5-AB58-4E1B-B35E-7E80F2BCF61F}.Release|x64.Build.0 = Release|x64
		{7F2B24B5-AB58-4E1B-B35E-7E80F2BCF61F}.Release|x86.ActiveCfg = Release|Win32
		{7F2B24B5-AB58-4E1B-B35E-7E80F2BCF61F}.Release|x86.Build.0 = Release|Win32
	EndGlobalSection
	GlobalSection(SolutionProperties) = preSolution
		HideSolutionNode = FALSE
	EndGlobalSection
	GlobalSection(ExtensibilityGlobals) = postSolution
		SolutionGuid = {28CFC26E-C2CD-4913-95A9-914B2FFFBE8D}
	EndGlobalSection
EndGlobal
